
Microsoft Visual Studio Solution File, Format Version 12.00
# Visual Studio Version 17
VisualStudioVersion = 17.12.35527.113
MinimumVisualStudioVersion = 10.0.40219.1
Project("{FAE04EC0-301F-11D3-BF4B-00C04F79EFBC}") = "HidingGifts.App", "HidingXMasGifts.App\HidingGifts.App.csproj", "{337AABE4-149A-4E88-A08C-902BD98DFDD6}"
EndProject
Project("{FAE04EC0-301F-11D3-BF4B-00C04F79EFBC}") = "HidingGifts.Domain", "HidingXMasGifts.Domain\HidingGifts.Domain.csproj", "{76736373-1C84-44DD-9FB0-6D5285FC438A}"
EndProject
Project("{FAE04EC0-301F-11D3-BF4B-00C04F79EFBC}") = "Hiding.Infrastructure", "HidingXMasGifts.Infrastructure\Hiding.Infrastructure.csproj", "{AEE2A576-9C68-4663-B382-2B3878806ABB}"
EndProject
Global
	GlobalSection(SolutionConfigurationPlatforms) = preSolution
		Debug|Any CPU = Debug|Any CPU
		Release|Any CPU = Release|Any CPU
	EndGlobalSection
	GlobalSection(ProjectConfigurationPlatforms) = postSolution
		{337AABE4-149A-4E88-A08C-902BD98DFDD6}.Debug|Any CPU.ActiveCfg = Debug|Any CPU
		{337AABE4-149A-4E88-A08C-902BD98DFDD6}.Debug|Any CPU.Build.0 = Debug|Any CPU
		{337AABE4-149A-4E88-A08C-902BD98DFDD6}.Release|Any CPU.ActiveCfg = Release|Any CPU
		{337AABE4-149A-4E88-A08C-902BD98DFDD6}.Release|Any CPU.Build.0 = Release|Any CPU
		{76736373-1C84-44DD-9FB0-6D5285FC438A}.Debug|Any CPU.ActiveCfg = Debug|Any CPU
		{76736373-1C84-44DD-9FB0-6D5285FC438A}.Debug|Any CPU.Build.0 = Debug|Any CPU
		{76736373-1C84-44DD-9FB0-6D5285FC438A}.Release|Any CPU.ActiveCfg = Release|Any CPU
		{76736373-1C84-44DD-9FB0-6D5285FC438A}.Release|Any CPU.Build.0 = Release|Any CPU
		{AEE2A576-9C68-4663-B382-2B3878806ABB}.Debug|Any CPU.ActiveCfg = Debug|Any CPU
		{AEE2A576-9C68-4663-B382-2B3878806ABB}.Debug|Any CPU.Build.0 = Debug|Any CPU
		{AEE2A576-9C68-4663-B382-2B3878806ABB}.Release|Any CPU.ActiveCfg = Release|Any CPU
		{AEE2A576-9C68-4663-B382-2B3878806ABB}.Release|Any CPU.Build.0 = Release|Any CPU
	EndGlobalSection
	GlobalSection(SolutionProperties) = preSolution
		HideSolutionNode = FALSE
	EndGlobalSection
EndGlobal
